{
  "name": "firestore-rulez",
  "version": "0.2.0",
  "lockfileVersion": 1,
  "requires": true,
  "dependencies": {
    "@babel/runtime": {
      "version": "7.12.1",
      "resolved": "https://registry.npmjs.org/@babel/runtime/-/runtime-7.12.1.tgz",
      "integrity": "sha512-J5AIf3vPj3UwXaAzb5j1xM4WAQDX3EMgemF8rjCP3SoW09LfRKAXQKt6CoVYl230P6iWdRcBbnLDDdnqWxZSCA==",
      "requires": {
        "regenerator-runtime": "^0.13.4"
      }
    },
    "ansi-styles": {
      "version": "4.3.0",
      "resolved": "https://registry.npmjs.org/ansi-styles/-/ansi-styles-4.3.0.tgz",
      "integrity": "sha512-zbB9rCJAT1rbjiVDb2hqKFHNYLxgtk8NURxZ3IZwD3F6NtxbXZQCnnSi1Lkx+IDohdPlFp222wVALIheZJQSEg==",
      "requires": {
        "color-convert": "^2.0.1"
      }
    },
    "balanced-match": {
      "version": "1.0.0",
      "resolved": "https://registry.npmjs.org/balanced-match/-/balanced-match-1.0.0.tgz",
      "integrity": "sha1-ibTRmasr7kneFk6gK4nORi1xt2c="
    },
    "brace-expansion": {
      "version": "1.1.11",
      "resolved": "https://registry.npmjs.org/brace-expansion/-/brace-expansion-1.1.11.tgz",
      "integrity": "sha512-iCuPHDFgrHX7H2vEI/5xpz07zSHB00TpugqhmYtVmMO6518mCuRMoOYFldEBl0g187ufozdaHgWKcYFb61qGiA==",
      "requires": {
        "balanced-match": "^1.0.0",
        "concat-map": "0.0.1"
      }
    },
    "chalk": {
      "version": "4.1.0",
      "resolved": "https://registry.npmjs.org/chalk/-/chalk-4.1.0.tgz",
      "integrity": "sha512-qwx12AxXe2Q5xQ43Ac//I6v5aXTipYrSESdOgzrN+9XjgEpyjpKuvSGaN4qE93f7TQTlerQQ8S+EQ0EyDoVL1A==",
      "requires": {
        "ansi-styles": "^4.1.0",
        "supports-color": "^7.1.0"
      }
    },
    "color-convert": {
      "version": "2.0.1",
      "resolved": "https://registry.npmjs.org/color-convert/-/color-convert-2.0.1.tgz",
      "integrity": "sha512-RRECPsj7iu/xb5oKYcsFHSppFNnsj/52OVTRKb4zP5onXwVF3zVmmToNcOfGC+CRDpfK/U584fMg38ZHCaElKQ==",
      "requires": {
        "color-name": "~1.1.4"
      }
    },
    "color-name": {
      "version": "1.1.4",
      "resolved": "https://registry.npmjs.org/color-name/-/color-name-1.1.4.tgz",
      "integrity": "sha512-dOy+3AuW3a2wNbZHIuMZpTcgjGuLU/uBL/ubcZF9OXbDo8ff4O8yVp5Bf0efS8uEoYo5q4Fx7dY9OgQGXgAsQA=="
    },
    "commander": {
      "version": "2.19.0",
      "resolved": "https://registry.npmjs.org/commander/-/commander-2.19.0.tgz",
      "integrity": "sha512-6tvAOO+D6OENvRAh524Dh9jcfKTYDQAqvqezbCW82xj5X0pSrcpxtvRKHLG0yBY6SD7PSDrJaj+0AiOcKVd1Xg=="
    },
    "concat": {
      "version": "1.0.3",
      "resolved": "https://registry.npmjs.org/concat/-/concat-1.0.3.tgz",
      "integrity": "sha1-QPM1MInWVGdpXLGIa0Xt1jfYzKg=",
      "requires": {
        "commander": "^2.9.0"
      }
    },
    "concat-map": {
      "version": "0.0.1",
      "resolved": "https://registry.npmjs.org/concat-map/-/concat-map-0.0.1.tgz",
      "integrity": "sha1-2Klr13/Wjfd5OnMDajug1UBdR3s="
    },
    "figlet": {
      "version": "1.5.0",
      "resolved": "https://registry.npmjs.org/figlet/-/figlet-1.5.0.tgz",
      "integrity": "sha512-ZQJM4aifMpz6H19AW1VqvZ7l4pOE9p7i/3LyxgO2kp+PO/VcDYNqIHEMtkccqIhTXMKci4kjueJr/iCQEaT/Ww=="
    },
    "fn-name": {
      "version": "3.0.0",
      "resolved": "https://registry.npmjs.org/fn-name/-/fn-name-3.0.0.tgz",
      "integrity": "sha512-eNMNr5exLoavuAMhIUVsOKF79SWd/zG104ef6sxBTSw+cZc6BXdQXDvYcGvp0VbxVVSp1XDUNoz7mg1xMtSznA=="
    },
    "fs.realpath": {
      "version": "1.0.0",
      "resolved": "https://registry.npmjs.org/fs.realpath/-/fs.realpath-1.0.0.tgz",
      "integrity": "sha1-FQStJSMVjKpA20onh8sBQRmU6k8="
    },
    "glob": {
      "version": "7.1.6",
      "resolved": "https://registry.npmjs.org/glob/-/glob-7.1.6.tgz",
      "integrity": "sha512-LwaxwyZ72Lk7vZINtNNrywX0ZuLyStrdDtabefZKAY5ZGJhVtgdznluResxNmPitE0SAO+O26sWTHeKSI2wMBA==",
      "requires": {
        "fs.realpath": "^1.0.0",
        "inflight": "^1.0.4",
        "inherits": "2",
        "minimatch": "^3.0.4",
        "once": "^1.3.0",
        "path-is-absolute": "^1.0.0"
      }
    },
    "has-flag": {
      "version": "4.0.0",
      "resolved": "https://registry.npmjs.org/has-flag/-/has-flag-4.0.0.tgz",
      "integrity": "sha512-EykJT/Q1KjTWctppgIAgfSO0tKVuZUjhgMr17kqTumMl6Afv3EISleU7qZUzoXDFTAHTDC4NOoG/ZxU3EvlMPQ=="
    },
    "inflight": {
      "version": "1.0.6",
      "resolved": "https://registry.npmjs.org/inflight/-/inflight-1.0.6.tgz",
      "integrity": "sha1-Sb1jMdfQLQwJvJEKEHW6gWW1bfk=",
      "requires": {
        "once": "^1.3.0",
        "wrappy": "1"
      }
    },
    "inherits": {
      "version": "2.0.4",
      "resolved": "https://registry.npmjs.org/inherits/-/inherits-2.0.4.tgz",
      "integrity": "sha512-k/vGaX4/Yla3WzyMCvTQOXYeIHvqOKtnqBduzTHpzpQZzAskKMhZ2K+EnBiSM9zGSoIFeMpXKxa4dYeZIQqewQ=="
    },
    "lodash": {
      "version": "4.17.20",
      "resolved": "https://registry.npmjs.org/lodash/-/lodash-4.17.20.tgz",
      "integrity": "sha512-PlhdFcillOINfeV7Ni6oF1TAEayyZBoZ8bcshTHqOYJYlrqzRK5hagpagky5o4HfCzzd1TRkXPMFq6cKk9rGmA=="
    },
    "lodash-es": {
      "version": "4.17.15",
      "resolved": "https://registry.npmjs.org/lodash-es/-/lodash-es-4.17.15.tgz",
      "integrity": "sha512-rlrc3yU3+JNOpZ9zj5pQtxnx2THmvRykwL4Xlxoa8I9lHBlVbbyPhgyPMioxVZ4NqyxaVVtaJnzsyOidQIhyyQ=="
    },
    "minimatch": {
      "version": "3.0.4",
      "resolved": "https://registry.npmjs.org/minimatch/-/minimatch-3.0.4.tgz",
      "integrity": "sha512-yJHVQEhyqPLUTgt9B83PXu6W3rx4MvvHvSUvToogpwoGDOUQ+yDrR0HRot+yOCdCO7u4hX3pWft6kWBBcqh0UA==",
      "requires": {
        "brace-expansion": "^1.1.7"
      }
    },
    "once": {
      "version": "1.4.0",
      "resolved": "https://registry.npmjs.org/once/-/once-1.4.0.tgz",
      "integrity": "sha1-WDsap3WWHUsROsF9nFC6753Xa9E=",
      "requires": {
        "wrappy": "1"
      }
    },
    "path-is-absolute": {
      "version": "1.0.1",
      "resolved": "https://registry.npmjs.org/path-is-absolute/-/path-is-absolute-1.0.1.tgz",
      "integrity": "sha1-F0uSaHNVNP+8es5r9TpanhtcX18="
    },
    "property-expr": {
      "version": "2.0.4",
      "resolved": "https://registry.npmjs.org/property-expr/-/property-expr-2.0.4.tgz",
      "integrity": "sha512-sFPkHQjVKheDNnPvotjQmm3KD3uk1fWKUN7CrpdbwmUx3CrG3QiM8QpTSimvig5vTXmTvjz7+TDvXOI9+4rkcg=="
    },
    "regenerator-runtime": {
      "version": "0.13.7",
      "resolved": "https://registry.npmjs.org/regenerator-runtime/-/regenerator-runtime-0.13.7.tgz",
      "integrity": "sha512-a54FxoJDIr27pgf7IgeQGxmqUNYrcV338lf/6gH456HZ/PhX+5BcwHXG9ajESmwe6WRO0tAzRUrRmNONWgkrew=="
    },
    "supports-color": {
      "version": "7.2.0",
      "resolved": "https://registry.npmjs.org/supports-color/-/supports-color-7.2.0.tgz",
      "integrity": "sha512-qpCAvRl9stuOHveKsn7HncJRvv501qIacKzQlO/+Lwxc9+0q2wLyv4Dfvt80/DPn2pqOBsJdDiogXGR9+OvwRw==",
      "requires": {
        "has-flag": "^4.0.0"
      }
    },
    "synchronous-promise": {
      "version": "2.0.15",
      "resolved": "https://registry.npmjs.org/synchronous-promise/-/synchronous-promise-2.0.15.tgz",
      "integrity": "sha512-k8uzYIkIVwmT+TcglpdN50pS2y1BDcUnBPK9iJeGu0Pl1lOI8pD6wtzgw91Pjpe+RxtTncw32tLxs/R0yNL2Mg=="
    },
    "toposort": {
      "version": "2.0.2",
      "resolved": "https://registry.npmjs.org/toposort/-/toposort-2.0.2.tgz",
      "integrity": "sha1-riF2gXXRVZ1IvvNUILL0li8JwzA="
    },
    "wrappy": {
      "version": "1.0.2",
      "resolved": "https://registry.npmjs.org/wrappy/-/wrappy-1.0.2.tgz",
      "integrity": "sha1-tSQ9jz7BqjXxNkYFvA0QNuMKtp8="
    },
    "yup": {
      "version": "0.29.3",
      "resolved": "https://registry.npmjs.org/yup/-/yup-0.29.3.tgz",
      "integrity": "sha512-RNUGiZ/sQ37CkhzKFoedkeMfJM0vNQyaz+wRZJzxdKE7VfDeVKH8bb4rr7XhRLbHJz5hSjoDNwMEIaKhuMZ8gQ==",
      "requires": {
        "@babel/runtime": "^7.10.5",
        "fn-name": "~3.0.0",
        "lodash": "^4.17.15",
        "lodash-es": "^4.17.11",
        "property-expr": "^2.0.2",
        "synchronous-promise": "^2.0.13",
        "toposort": "^2.0.2"
      }
    }
  }
}
